
Microsoft Visual Studio Solution File, Format Version 12.00
# Visual Studio Version 17
VisualStudioVersion = 17.3.32519.111
MinimumVisualStudioVersion = 10.0.40219.1
Project("{FAE04EC0-301F-11D3-BF4B-00C04F79EFBC}") = "byReferenceWithValueType", "byReferenceWithValueType\byReferenceWithValueType.csproj", "{09249BF9-32BF-4942-BA5C-36F5D67ED1F9}"
EndProject
Global
	GlobalSection(SolutionConfigurationPlatforms) = preSolution
		Debug|Any CPU = Debug|Any CPU
		Release|Any CPU = Release|Any CPU
	EndGlobalSection
	GlobalSection(ProjectConfigurationPlatforms) = postSolution
		{09249BF9-32BF-4942-BA5C-36F5D67ED1F9}.Debug|Any CPU.ActiveCfg = Debug|Any CPU
		{09249BF9-32BF-4942-BA5C-36F5D67ED1F9}.Debug|Any CPU.Build.0 = Debug|Any CPU
		{09249BF9-32BF-4942-BA5C-36F5D67ED1F9}.Release|Any CPU.ActiveCfg = Release|Any CPU
		{09249BF9-32BF-4942-BA5C-36F5D67ED1F9}.Release|Any CPU.Build.0 = Release|Any CPU
	EndGlobalSection
	GlobalSection(SolutionProperties) = preSolution
		HideSolutionNode = FALSE
	EndGlobalSection
	GlobalSection(ExtensibilityGlobals) = postSolution
		SolutionGuid = {61C36201-4E2A-4236-B739-9F1845F32730}
	EndGlobalSection
EndGlobal
